{
  "version": 4,
  "terraform_version": "1.5.7",
  "serial": 15,
  "lineage": "2440dda6-eecb-5296-66c7-8ae35e0b2483",
  "outputs": {},
  "resources": [
    {
      "mode": "managed",
      "type": "google_project",
      "name": "website_project",
      "provider": "provider[\"registry.terraform.io/hashicorp/google\"]",
      "instances": [
        {
          "schema_version": 1,
          "attributes": {
            "auto_create_network": true,
            "billing_account": "01B636-A34826-F48A6B",
            "folder_id": null,
            "id": "projects/skvortsovden-website-project",
            "labels": {},
            "name": "skvortsovden-website-project",
            "number": "691296509378",
            "org_id": null,
            "project_id": "skvortsovden-website-project",
            "skip_delete": null,
            "timeouts": null
          },
          "sensitive_attributes": [],
          "private": "eyJlMmJmYjczMC1lY2FhLTExZTYtOGY4OC0zNDM2M2JjN2M0YzAiOnsiY3JlYXRlIjo2MDAwMDAwMDAwMDAsImRlbGV0ZSI6NjAwMDAwMDAwMDAwLCJyZWFkIjo2MDAwMDAwMDAwMDAsInVwZGF0ZSI6NjAwMDAwMDAwMDAwfSwic2NoZW1hX3ZlcnNpb24iOiIxIn0="
        }
      ]
    },
    {
      "mode": "managed",
      "type": "google_service_account",
      "name": "website_service_account",
      "provider": "provider[\"registry.terraform.io/hashicorp/google\"]",
      "instances": [
        {
          "schema_version": 0,
          "attributes": {
            "account_id": "website-service-account",
            "description": "",
            "disabled": false,
            "display_name": "Website Service Account",
            "email": "website-service-account@skvortsovden-website-project.iam.gserviceaccount.com",
            "id": "projects/skvortsovden-website-project/serviceAccounts/website-service-account@skvortsovden-website-project.iam.gserviceaccount.com",
            "name": "projects/skvortsovden-website-project/serviceAccounts/website-service-account@skvortsovden-website-project.iam.gserviceaccount.com",
            "project": "skvortsovden-website-project",
            "timeouts": null,
            "unique_id": "110909730279948521349"
          },
          "sensitive_attributes": [],
          "private": "eyJlMmJmYjczMC1lY2FhLTExZTYtOGY4OC0zNDM2M2JjN2M0YzAiOnsiY3JlYXRlIjozMDAwMDAwMDAwMDB9fQ==",
          "dependencies": [
            "google_project.website_project"
          ]
        }
      ]
    },
    {
      "mode": "managed",
      "type": "google_storage_bucket",
      "name": "website_bucket",
      "provider": "provider[\"registry.terraform.io/hashicorp/google\"]",
      "instances": [
        {
          "schema_version": 0,
          "attributes": {
            "bucket_policy_only": false,
            "cors": [],
            "default_event_based_hold": false,
            "encryption": [],
            "force_destroy": false,
            "id": "skvortsovden-website-bucket",
            "labels": {},
            "lifecycle_rule": [],
            "location": "US",
            "logging": [],
            "name": "skvortsovden-website-bucket",
            "project": "skvortsovden-website-project",
            "requester_pays": false,
            "retention_policy": [],
            "self_link": "https://www.googleapis.com/storage/v1/b/skvortsovden-website-bucket",
            "storage_class": "STANDARD",
            "uniform_bucket_level_access": false,
            "url": "gs://skvortsovden-website-bucket",
            "versioning": [],
            "website": [
              {
                "main_page_suffix": "index.html",
                "not_found_page": "404.html"
              }
            ]
          },
          "sensitive_attributes": [],
          "private": "bnVsbA=="
        }
      ]
    },
    {
      "mode": "managed",
      "type": "google_storage_bucket_iam_member",
      "name": "public_rule",
      "provider": "provider[\"registry.terraform.io/hashicorp/google\"]",
      "instances": [
        {
          "schema_version": 0,
          "attributes": {
            "bucket": "b/skvortsovden-website-bucket",
            "condition": [],
            "etag": "CAU=",
            "id": "b/skvortsovden-website-bucket/roles/storage.objectViewer/allUsers",
            "member": "allUsers",
            "role": "roles/storage.objectViewer"
          },
          "sensitive_attributes": [],
          "private": "bnVsbA==",
          "dependencies": [
            "google_storage_bucket.website_bucket"
          ]
        }
      ]
    },
    {
      "mode": "managed",
      "type": "google_storage_bucket_iam_member",
      "name": "website_bucket_iam_member",
      "provider": "provider[\"registry.terraform.io/hashicorp/google\"]",
      "instances": [
        {
          "schema_version": 0,
          "attributes": {
            "bucket": "b/skvortsovden-website-bucket",
            "condition": [],
            "etag": "CAU=",
            "id": "b/skvortsovden-website-bucket/roles/storage.objectUser/serviceAccount:website-service-account@skvortsovden-website-project.iam.gserviceaccount.com",
            "member": "serviceAccount:website-service-account@skvortsovden-website-project.iam.gserviceaccount.com",
            "role": "roles/storage.objectUser"
          },
          "sensitive_attributes": [],
          "private": "bnVsbA==",
          "dependencies": [
            "google_project.website_project",
            "google_service_account.website_service_account",
            "google_storage_bucket.website_bucket"
          ]
        }
      ]
    }
  ],
  "check_results": null
}
